Microsoft Visual Studio Solution File, Format Version 12.00
# Visual Studio Version 17
VisualStudioVersion = 17.5.2.0
MinimumVisualStudioVersion = 10.0.40219.1
Project("{FAE04EC0-301F-11D3-BF4B-00C04F79EFBC}") = "Pizza_Shop_", "Pizza_Shop_.csproj", "{36D9BC8F-77DF-3BA7-A581-AAE25BD5ABD6}"
EndProject
Global
	GlobalSection(SolutionConfigurationPlatforms) = preSolution
		Debug|Any CPU = Debug|Any CPU
		Release|Any CPU = Release|Any CPU
	EndGlobalSection
	GlobalSection(ProjectConfigurationPlatforms) = postSolution
		{36D9BC8F-77DF-3BA7-A581-AAE25BD5ABD6}.Debug|Any CPU.ActiveCfg = Debug|Any CPU
		{36D9BC8F-77DF-3BA7-A581-AAE25BD5ABD6}.Debug|Any CPU.Build.0 = Debug|Any CPU
		{36D9BC8F-77DF-3BA7-A581-AAE25BD5ABD6}.Release|Any CPU.ActiveCfg = Release|Any CPU
		{36D9BC8F-77DF-3BA7-A581-AAE25BD5ABD6}.Release|Any CPU.Build.0 = Release|Any CPU
	EndGlobalSection
	GlobalSection(SolutionProperties) = preSolution
		HideSolutionNode = FALSE
	EndGlobalSection
	GlobalSection(ExtensibilityGlobals) = postSolution
		SolutionGuid = {3BD022CC-2412-4284-858A-39178FB7F08D}
	EndGlobalSection
EndGlobal
